
Microsoft Visual Studio Solution File, Format Version 12.00
# Visual Studio Version 17
VisualStudioVersion = 17.8.34205.153
MinimumVisualStudioVersion = 10.0.40219.1
Project("{FAE04EC0-301F-11D3-BF4B-00C04F79EFBC}") = "Drive", "Drive\Drive.csproj", "{4B2F4523-3349-4152-B098-94D5224E5A29}"
EndProject
Global
	GlobalSection(SolutionConfigurationPlatforms) = preSolution
		Debug|Any CPU = Debug|Any CPU
		Release|Any CPU = Release|Any CPU
	EndGlobalSection
	GlobalSection(ProjectConfigurationPlatforms) = postSolution
		{4B2F4523-3349-4152-B098-94D5224E5A29}.Debug|Any CPU.ActiveCfg = Debug|Any CPU
		{4B2F4523-3349-4152-B098-94D5224E5A29}.Debug|Any CPU.Build.0 = Debug|Any CPU
		{4B2F4523-3349-4152-B098-94D5224E5A29}.Release|Any CPU.ActiveCfg = Release|Any CPU
		{4B2F4523-3349-4152-B098-94D5224E5A29}.Release|Any CPU.Build.0 = Release|Any CPU
	EndGlobalSection
	GlobalSection(SolutionProperties) = preSolution
		HideSolutionNode = FALSE
	EndGlobalSection
	GlobalSection(ExtensibilityGlobals) = postSolution
		SolutionGuid = {E0751737-B170-4681-9918-F7C308A61E3A}
	EndGlobalSection
EndGlobal
